{
    "_readme": [
        "This file locks the dependencies of your project to a known state",
        "Read more about it at http://getcomposer.org/doc/01-basic-usage.md#composer-lock-the-lock-file",
        "This file is @generated automatically"
    ],
    "hash": "061acc2d1135014b38a16c4b4945961b",
    "packages": [
        {
            "name": "mrjgreen/php-cli",
            "version": "v1.0.0",
            "source": {
                "type": "git",
                "url": "https://github.com/mrjgreen/php-cli.git",
                "reference": "37f341959d94a347aa2db852d1c7b686f9746c29"
            },
            "dist": {
                "type": "zip",
                "url": "https://api.github.com/repos/mrjgreen/php-cli/zipball/37f341959d94a347aa2db852d1c7b686f9746c29",
                "reference": "37f341959d94a347aa2db852d1c7b686f9746c29",
                "shasum": ""
            },
            "type": "library",
            "autoload": {
                "classmap": [
                    "Command.php"
                ]
            },
            "notification-url": "https://packagist.org/downloads/",
            "description": "Command component based on laravel's",
            "time": "2014-10-20 08:36:15"
        },
        {
            "name": "psr/log",
            "version": "dev-master",
            "source": {
                "type": "git",
                "url": "https://github.com/php-fig/log.git",
                "reference": "a78d6504ff5d4367497785ab2ade91db3a9fbe11"
            },
            "dist": {
                "type": "zip",
                "url": "https://api.github.com/repos/php-fig/log/zipball/a78d6504ff5d4367497785ab2ade91db3a9fbe11",
                "reference": "a78d6504ff5d4367497785ab2ade91db3a9fbe11",
                "shasum": ""
            },
            "type": "library",
            "extra": {
                "branch-alias": {
                    "dev-master": "1.0.x-dev"
                }
            },
            "autoload": {
                "psr-0": {
                    "Psr\\Log\\": ""
                }
            },
            "notification-url": "https://packagist.org/downloads/",
            "license": [
                "MIT"
            ],
            "authors": [
                {
                    "name": "PHP-FIG",
                    "homepage": "http://www.php-fig.org/"
                }
            ],
            "description": "Common interface for logging libraries",
            "keywords": [
                "log",
                "psr",
                "psr-3"
            ],
            "time": "2014-01-18 15:33:09"
        }
    ],
    "packages-dev": [],
    "aliases": [],
    "minimum-stability": "dev",
    "stability-flags": {
        "psr/log": 20
    },
    "prefer-stable": false,
    "platform": [],
    "platform-dev": []
}
