{
    "_readme": [
        "This file locks the dependencies of your project to a known state",
        "Read more about it at http://getcomposer.org/doc/01-basic-usage.md#composer-lock-the-lock-file"
    ],
    "hash": "4841dfc1f83bfb44197a7c9f6edb076a",
    "packages": [
        {
            "name": "joegreen0991/dbal",
            "version": "dev-master",
            "source": {
                "type": "git",
                "url": "https://github.com/joegreen0991/dbal.git",
                "reference": "dc7ed427a85f3435c4be976b4dc9bcd1833ec05a"
            },
            "dist": {
                "type": "zip",
                "url": "https://api.github.com/repos/joegreen0991/dbal/zipball/dc7ed427a85f3435c4be976b4dc9bcd1833ec05a",
                "reference": "dc7ed427a85f3435c4be976b4dc9bcd1833ec05a",
                "shasum": ""
            },
            "require": {
                "php": ">=5.3.0"
            },
            "type": "library",
            "autoload": {
                "psr-0": {
                    "Dbal": "lib/"
                }
            },
            "notification-url": "https://packagist.org/downloads/",
            "license": [
                "MIT"
            ],
            "authors": [
                {
                    "name": "Joe Green",
                    "email": "joe.green0991@gmail.com"
                }
            ],
            "description": "Database Abstraction Layer for laravel four",
            "keywords": [
                "Abstraction Layer",
                "database",
                "dbal"
            ],
            "time": "2014-02-23 23:36:24"
        },
        {
            "name": "joegreen0991/php-cli",
            "version": "dev-master",
            "source": {
                "type": "git",
                "url": "https://github.com/joegreen0991/php-cli.git",
                "reference": "ed20427f9b37fd02eb853b3c1b38c495a94327ac"
            },
            "dist": {
                "type": "zip",
                "url": "https://api.github.com/repos/joegreen0991/php-cli/zipball/ed20427f9b37fd02eb853b3c1b38c495a94327ac",
                "reference": "ed20427f9b37fd02eb853b3c1b38c495a94327ac",
                "shasum": ""
            },
            "type": "library",
            "autoload": {
                "classmap": [
                    "Command.php"
                ]
            },
            "description": "Command component based on laravel's",
            "support": {
                "source": "https://github.com/joegreen0991/php-cli/tree/master",
                "issues": "https://github.com/joegreen0991/php-cli/issues"
            },
            "time": "2014-02-22 10:20:37"
        },
        {
            "name": "psr/log",
            "version": "dev-master",
            "source": {
                "type": "git",
                "url": "https://github.com/php-fig/log.git",
                "reference": "a78d6504ff5d4367497785ab2ade91db3a9fbe11"
            },
            "dist": {
                "type": "zip",
                "url": "https://api.github.com/repos/php-fig/log/zipball/a78d6504ff5d4367497785ab2ade91db3a9fbe11",
                "reference": "a78d6504ff5d4367497785ab2ade91db3a9fbe11",
                "shasum": ""
            },
            "type": "library",
            "extra": {
                "branch-alias": {
                    "dev-master": "1.0.x-dev"
                }
            },
            "autoload": {
                "psr-0": {
                    "Psr\\Log\\": ""
                }
            },
            "notification-url": "https://packagist.org/downloads/",
            "license": [
                "MIT"
            ],
            "authors": [
                {
                    "name": "PHP-FIG",
                    "homepage": "http://www.php-fig.org/"
                }
            ],
            "description": "Common interface for logging libraries",
            "keywords": [
                "log",
                "psr",
                "psr-3"
            ],
            "time": "2014-01-18 15:33:09"
        }
    ],
    "packages-dev": [

    ],
    "aliases": [

    ],
    "minimum-stability": "dev",
    "stability-flags": {
        "joegreen0991/php-cli": 20,
        "joegreen0991/dbal": 20,
        "psr/log": 20
    },
    "platform": [

    ],
    "platform-dev": [

    ]
}
